<?xml version="1.0" encoding="utf-8"?>
<Project ToolsVersion="4.0" xmlns="http://schemas.microsoft.com/developer/msbuild/2003">
  <ItemGroup>
    <Filter Include="Source Files">
      <UniqueIdentifier>{4FC737F1-C7A5-4376-A066-2A32D752A2FF}</UniqueIdentifier>
      <Extensions>cpp;c;cc;cxx;c++;cppm;ixx;def;odl;idl;hpj;bat;asm;asmx</Extensions>
    </Filter>
    <Filter Include="Header Files">
      <UniqueIdentifier>{93995380-89BD-4b04-88EB-625FBE52EBFB}</UniqueIdentifier>
      <Extensions>h;hh;hpp;hxx;h++;hm;inl;inc;ipp;xsd</Extensions>
    </Filter>
    <Filter Include="Resource Files">
      <UniqueIdentifier>{67DA6AB6-F800-4c08-8B7A-83BB121AAD01}</UniqueIdentifier>
      <Extensions>rc;ico;cur;bmp;dlg;rc2;rct;bin;rgs;gif;jpg;jpeg;jpe;resx;tiff;tif;png;wav;mfcribbon-ms</Extensions>
    </Filter>
    <Filter Include="Source Files\ServiceClasses">
      <UniqueIdentifier>{6bbd2e3b-6f6d-4553-94d7-5743fc4cdd8c}</UniqueIdentifier>
    </Filter>
    <Filter Include="Source Files\Map">
      <UniqueIdentifier>{daaa4b1f-9faf-4565-8388-00009158633e}</UniqueIdentifier>
    </Filter>
    <Filter Include="Source Files\GameObjects">
      <UniqueIdentifier>{384b397c-541d-4429-8135-dd60efb3e8d5}</UniqueIdentifier>
    </Filter>
    <Filter Include="Source Files\GameObjects\Alive">
      <UniqueIdentifier>{1f7438f4-fee9-44e9-90f1-7ebd8e20b61e}</UniqueIdentifier>
    </Filter>
    <Filter Include="Source Files\GameObjects\Artificial">
      <UniqueIdentifier>{4b2fe006-76c8-4913-9c8f-ebe54f2171b0}</UniqueIdentifier>
    </Filter>
    <Filter Include="Header Files\Map">
      <UniqueIdentifier>{887b391f-0bd7-4f6c-9f6e-7e75b9c318cf}</UniqueIdentifier>
    </Filter>
    <Filter Include="Header Files\GUI">
      <UniqueIdentifier>{4cbd437c-b85c-4969-92dd-edf3426f85d3}</UniqueIdentifier>
    </Filter>
    <Filter Include="Header Files\GameObjects">
      <UniqueIdentifier>{436548a2-5ca5-46a0-9cd0-705cee59111b}</UniqueIdentifier>
    </Filter>
    <Filter Include="Header Files\ServiceClasses">
      <UniqueIdentifier>{b5fd5306-3921-4771-9680-6a430e7a5e24}</UniqueIdentifier>
    </Filter>
    <Filter Include="Header Files\GameObjects\Alive">
      <UniqueIdentifier>{d37c5cdb-3b41-4a8d-80c1-2fe476cd35bf}</UniqueIdentifier>
    </Filter>
    <Filter Include="Header Files\GameObjects\Artificial">
      <UniqueIdentifier>{e5f07702-9e45-4bb0-a337-f2dc1c437e29}</UniqueIdentifier>
    </Filter>
    <Filter Include="Header Files\GUI\Menu">
      <UniqueIdentifier>{3ea33f70-7588-413e-8d4a-08baed63abf1}</UniqueIdentifier>
    </Filter>
    <Filter Include="Header Files\GUI\Items">
      <UniqueIdentifier>{2790310e-0868-4f13-bf9a-6ae924251065}</UniqueIdentifier>
    </Filter>
    <Filter Include="Header Files\GUI\Tabs">
      <UniqueIdentifier>{d966aea3-413c-4bf2-bbd5-5172fb12fdd4}</UniqueIdentifier>
    </Filter>
    <Filter Include="Source Files\GUI">
      <UniqueIdentifier>{65d21878-6202-455d-8d70-6cec66667806}</UniqueIdentifier>
    </Filter>
    <Filter Include="Source Files\GUI\Tabs">
      <UniqueIdentifier>{82424bf7-a522-4fe2-810c-f49e3e060e81}</UniqueIdentifier>
    </Filter>
    <Filter Include="Source Files\GUI\Menu">
      <UniqueIdentifier>{ac5a82fa-b797-4839-a404-faf2a19de91c}</UniqueIdentifier>
    </Filter>
    <Filter Include="Source Files\GUI\Items">
      <UniqueIdentifier>{7ce14292-4f76-4a3f-920b-f2923c21c33c}</UniqueIdentifier>
    </Filter>
    <Filter Include="Source Files\GameObjects\Artificial\Weapons">
      <UniqueIdentifier>{0956f962-2668-4eb7-9461-4b53765d1f27}</UniqueIdentifier>
    </Filter>
    <Filter Include="Source Files\GameObjects\Artificial\Weapons\MeleeWeapon">
      <UniqueIdentifier>{67338117-8120-4529-8b98-7f7af4d4183d}</UniqueIdentifier>
    </Filter>
    <Filter Include="Source Files\GameObjects\Artificial\Weapons\RangedWeapon">
      <UniqueIdentifier>{8b084ef5-5654-4e31-bedb-9bcfcda64653}</UniqueIdentifier>
    </Filter>
    <Filter Include="Header Files\Enums">
      <UniqueIdentifier>{65b222e0-3566-48b3-843a-eaf76da6a787}</UniqueIdentifier>
    </Filter>
    <Filter Include="Header Files\GameObjects\Artificial\Weapons">
      <UniqueIdentifier>{f581ee0e-b488-4ac4-abf8-893b0d48abab}</UniqueIdentifier>
    </Filter>
    <Filter Include="Header Files\GameObjects\Artificial\Weapons\MeleeWeapons">
      <UniqueIdentifier>{91094502-20a2-4c21-9782-688b1c8bd2e9}</UniqueIdentifier>
    </Filter>
    <Filter Include="Header Files\GameObjects\Artificial\Weapons\RangedWeapons">
      <UniqueIdentifier>{c2e66bf4-b212-452a-956f-116bae510fb1}</UniqueIdentifier>
    </Filter>
    <Filter Include="Source Files\GameObjects\Artificial\Weapons\BareHands">
      <UniqueIdentifier>{27f26f5e-9a05-411b-a35e-ff50894a5a41}</UniqueIdentifier>
    </Filter>
    <Filter Include="Header Files\GameObjects\Artificial\Weapons\BareHands">
      <UniqueIdentifier>{25eb6e62-918e-40ad-84d9-392399232a65}</UniqueIdentifier>
    </Filter>
    <Filter Include="Source Files\Map\Tile">
      <UniqueIdentifier>{983eef85-28b5-4606-bc52-d28ddf7815e9}</UniqueIdentifier>
    </Filter>
    <Filter Include="Source Files\GameObjects\Alive\Enemies">
      <UniqueIdentifier>{e2cd4eb6-7a1c-432e-b0ed-ae01620e362b}</UniqueIdentifier>
    </Filter>
    <Filter Include="Source Files\GameObjects\Alive\Player">
      <UniqueIdentifier>{5e20e6ea-00f7-4130-8852-f0301757ebe5}</UniqueIdentifier>
    </Filter>
  </ItemGroup>
  <ItemGroup>
    <ClCompile Include="MyView.cpp">
      <Filter>Source Files\ServiceClasses</Filter>
    </ClCompile>
    <ClCompile Include="stdafx.cpp">
      <Filter>Source Files\ServiceClasses</Filter>
    </ClCompile>
    <ClCompile Include="Level.cpp">
      <Filter>Source Files\ServiceClasses</Filter>
    </ClCompile>
    <ClCompile Include="NOT_MARIO.cpp">
      <Filter>Source Files</Filter>
    </ClCompile>
    <ClCompile Include="Exit.cpp">
      <Filter>Source Files\GUI\Tabs</Filter>
    </ClCompile>
    <ClCompile Include="MainMenuOption.cpp">
      <Filter>Source Files\GUI\Tabs</Filter>
    </ClCompile>
    <ClCompile Include="Setting.cpp">
      <Filter>Source Files\GUI\Tabs</Filter>
    </ClCompile>
    <ClCompile Include="RoadMap.cpp">
      <Filter>Source Files\GUI\Tabs</Filter>
    </ClCompile>
    <ClCompile Include="Map.cpp">
      <Filter>Source Files\Map</Filter>
    </ClCompile>
    <ClCompile Include="TileFactory.cpp">
      <Filter>Source Files\Map</Filter>
    </ClCompile>
    <ClCompile Include="TileMap.cpp">
      <Filter>Source Files\Map</Filter>
    </ClCompile>
    <ClCompile Include="GameMenu.cpp">
      <Filter>Source Files\GUI\Menu</Filter>
    </ClCompile>
    <ClCompile Include="Game.cpp">
      <Filter>Source Files\GUI\Menu</Filter>
    </ClCompile>
    <ClCompile Include="Sword.cpp">
      <Filter>Source Files\GameObjects\Artificial\Weapons\MeleeWeapon</Filter>
    </ClCompile>
    <ClCompile Include="Button.cpp">
      <Filter>Source Files\GUI\Items</Filter>
    </ClCompile>
    <ClCompile Include="CombatStaff.cpp">
      <Filter>Source Files\GameObjects\Artificial\Weapons\RangedWeapon</Filter>
    </ClCompile>
    <ClCompile Include="Bow.cpp">
      <Filter>Source Files\GameObjects\Artificial\Weapons\RangedWeapon</Filter>
    </ClCompile>
    <ClCompile Include="Projectile.cpp">
      <Filter>Source Files\GameObjects\Artificial\Weapons\RangedWeapon</Filter>
    </ClCompile>
    <ClCompile Include="Fist.cpp">
      <Filter>Source Files\GameObjects\Artificial\Weapons\BareHands</Filter>
    </ClCompile>
    <ClCompile Include="Weapon.cpp">
      <Filter>Source Files\GameObjects\Artificial\Weapons</Filter>
    </ClCompile>
    <ClCompile Include="Arrow.cpp">
      <Filter>Source Files\GameObjects\Artificial\Weapons\RangedWeapon</Filter>
    </ClCompile>
    <ClCompile Include="TileBox.cpp">
      <Filter>Source Files\Map\Tile</Filter>
    </ClCompile>
    <ClCompile Include="Tile.cpp">
      <Filter>Source Files\Map\Tile</Filter>
    </ClCompile>
    <ClCompile Include="TileAnim.cpp">
      <Filter>Source Files\Map\Tile</Filter>
    </ClCompile>
    <ClCompile Include="Enemy.cpp">
      <Filter>Source Files\ServiceClasses</Filter>
    </ClCompile>
    <ClCompile Include="Enemy.cpp">
      <Filter>Source Files\GameObjects\Alive\Enemies</Filter>
    </ClCompile>
    <ClCompile Include="Player.cpp">
      <Filter>Source Files\GameObjects\Alive\Player</Filter>
    </ClCompile>
    <ClCompile Include="Eye_evil.cpp">
      <Filter>Source Files\GameObjects\Alive\Enemies</Filter>
    </ClCompile>
    <ClCompile Include="RedMutant.cpp">
      <Filter>Source Files\GameObjects\Alive\Enemies</Filter>
    </ClCompile>
    <ClCompile Include="laser_weapon.cpp">
      <Filter>Source Files\GameObjects\Alive\Enemies</Filter>
    </ClCompile>
    <ClCompile Include="kusaka.cpp">
      <Filter>Source Files\GameObjects\Alive\Enemies</Filter>
    </ClCompile>
    <ClCompile Include="WolfBoss.cpp">
      <Filter>Source Files\GameObjects\Alive\Enemies</Filter>
    </ClCompile>
    <ClCompile Include="ScaleParametrBar.cpp">
      <Filter>Source Files</Filter>
    </ClCompile>
    <ClCompile Include="PopUpWindow.cpp">
      <Filter>Source Files</Filter>
    </ClCompile>
    <ClCompile Include="ComposedIMG.cpp">
      <Filter>Source Files</Filter>
    </ClCompile>
    <ClCompile Include="GeneralInfo.cpp">
      <Filter>Source Files</Filter>
    </ClCompile>
    <ClCompile Include="Group.cpp">
      <Filter>Source Files</Filter>
    </ClCompile>
    <ClCompile Include="Label.cpp">
      <Filter>Source Files</Filter>
    </ClCompile>
    <ClCompile Include="InterfaceItem.cpp">
      <Filter>Source Files</Filter>
    </ClCompile>
    <ClCompile Include="TextureManager.cpp">
      <Filter>Source Files</Filter>
    </ClCompile>
    <ClCompile Include="CRect.cpp">
      <Filter>Source Files</Filter>
    </ClCompile>
  </ItemGroup>
  <ItemGroup>
    <ClInclude Include="Enemy.h">
      <Filter>Header Files\GameObjects\Alive</Filter>
    </ClInclude>
    <ClInclude Include="Exit.h">
      <Filter>Header Files\GUI\Tabs</Filter>
    </ClInclude>
    <ClInclude Include="RoadMap.h">
      <Filter>Header Files\GUI\Tabs</Filter>
    </ClInclude>
    <ClInclude Include="Map.h">
      <Filter>Header Files\Map</Filter>
    </ClInclude>
    <ClInclude Include="Game.h">
      <Filter>Header Files\GUI\Menu</Filter>
    </ClInclude>
    <ClInclude Include="GameMenu.h">
      <Filter>Header Files\GUI\Menu</Filter>
    </ClInclude>
    <ClInclude Include="Level.h">
      <Filter>Header Files\ServiceClasses</Filter>
    </ClInclude>
    <ClInclude Include="MyView.h">
      <Filter>Header Files\ServiceClasses</Filter>
    </ClInclude>
    <ClInclude Include="MainMenuOption.h">
      <Filter>Header Files\GUI\Tabs</Filter>
    </ClInclude>
    <ClInclude Include="Player.h">
      <Filter>Header Files\GameObjects\Alive</Filter>
    </ClInclude>
    <ClInclude Include="resource.h">
      <Filter>Header Files\ServiceClasses</Filter>
    </ClInclude>
    <ClInclude Include="stdafx.h">
      <Filter>Header Files\ServiceClasses</Filter>
    </ClInclude>
    <ClInclude Include="Setting.h">
      <Filter>Header Files\GUI\Tabs</Filter>
    </ClInclude>
    <ClInclude Include="Tile.h">
      <Filter>Header Files\Map</Filter>
    </ClInclude>
    <ClInclude Include="TileFactory.h">
      <Filter>Header Files\Map</Filter>
    </ClInclude>
    <ClInclude Include="TileMap.h">
      <Filter>Header Files\Map</Filter>
    </ClInclude>
    <ClInclude Include="GAME_STATE.h">
      <Filter>Header Files\Enums</Filter>
    </ClInclude>
    <ClInclude Include="PLAYER_ANIMATION_SATES.h">
      <Filter>Header Files\Enums</Filter>
    </ClInclude>
    <ClInclude Include="Sword.h">
      <Filter>Header Files\GameObjects\Artificial\Weapons\MeleeWeapons</Filter>
    </ClInclude>
    <ClInclude Include="Bow.h">
      <Filter>Header Files\GameObjects\Artificial\Weapons\RangedWeapons</Filter>
    </ClInclude>
    <ClInclude Include="CombatStaff.h">
      <Filter>Header Files\GameObjects\Artificial\Weapons\RangedWeapons</Filter>
    </ClInclude>
    <ClInclude Include="Projectile.h">
      <Filter>Header Files\GameObjects\Artificial\Weapons\RangedWeapons</Filter>
    </ClInclude>
    <ClInclude Include="Button.h">
      <Filter>Header Files\GUI\Items</Filter>
    </ClInclude>
    <ClInclude Include="Fist.h">
      <Filter>Header Files\GameObjects\Artificial\Weapons\BareHands</Filter>
    </ClInclude>
    <ClInclude Include="Weapon.h">
      <Filter>Header Files\GameObjects\Artificial\Weapons</Filter>
    </ClInclude>
    <ClInclude Include="Arrow.h">
      <Filter>Header Files\GameObjects\Artificial\Weapons\RangedWeapons</Filter>
    </ClInclude>
    <ClInclude Include="ORIENTATION.h">
      <Filter>Header Files\Enums</Filter>
    </ClInclude>
    <ClInclude Include="TileAnim.h">
      <Filter>Header Files</Filter>
    </ClInclude>
    <ClInclude Include="TileBox.h">
      <Filter>Header Files</Filter>
    </ClInclude>
    <ClInclude Include="MENU_STATE.h">
      <Filter>Header Files\Enums</Filter>
    </ClInclude>
    <ClInclude Include="Enemy.h">
      <Filter>Header Files</Filter>
    </ClInclude>
    <ClInclude Include="Eye_evil.h">
      <Filter>Header Files</Filter>
    </ClInclude>
    <ClInclude Include="laser_weapon.h">
      <Filter>Header Files</Filter>
    </ClInclude>
    <ClInclude Include="kusaka.h">
      <Filter>Header Files</Filter>
    </ClInclude>
    <ClInclude Include="RedMutant.h">
      <Filter>Header Files</Filter>
    </ClInclude>
    <ClInclude Include="WolfBoss.h">
      <Filter>Header Files</Filter>
    </ClInclude>
    <ClInclude Include="ScaleParametrBar.h">
      <Filter>Header Files</Filter>
    </ClInclude>
    <ClInclude Include="PopUpWindow.h">
      <Filter>Header Files</Filter>
    </ClInclude>
    <ClInclude Include="ComposedIMG.h">
      <Filter>Header Files</Filter>
    </ClInclude>
    <ClInclude Include="GeneralInfo.h">
      <Filter>Header Files</Filter>
    </ClInclude>
    <ClInclude Include="Group.h">
      <Filter>Header Files</Filter>
    </ClInclude>
    <ClInclude Include="Label.h">
      <Filter>Header Files</Filter>
    </ClInclude>
    <ClInclude Include="InterfaceItem.h">
      <Filter>Header Files</Filter>
    </ClInclude>
    <ClInclude Include="TextureManager.h">
      <Filter>Header Files</Filter>
    </ClInclude>
    <ClInclude Include="Rect.h">
      <Filter>Header Files</Filter>
    </ClInclude>
    <ClInclude Include="CRect.h">
      <Filter>Header Files</Filter>
    </ClInclude>
  </ItemGroup>
  <ItemGroup>
    <ResourceCompile Include="NOT_MARIO.rc">
      <Filter>Resource Files</Filter>
    </ResourceCompile>
  </ItemGroup>
  <ItemGroup>
    <None Include="ClassDiagram.cd" />
  </ItemGroup>
</Project>